
Microsoft Visual Studio Solution File, Format Version 12.00
# Visual Studio 15
VisualStudioVersion = 15.0.26228.10
MinimumVisualStudioVersion = 10.0.40219.1
Project("{2150E333-8FDC-42A3-9474-1A3956D46DE8}") = "Tests", "Tests", "{F4E3B872-7B9C-40D3-9C4C-B7F4EBA1E33C}"
EndProject
Project("{FAE04EC0-301F-11D3-BF4B-00C04F79EFBC}") = "MessagingFacts", "MessagingFacts\MessagingFacts.csproj", "{1533461D-B37E-4A49-A4A2-A4C3F95F371E}"
EndProject
Project("{FAE04EC0-301F-11D3-BF4B-00C04F79EFBC}") = "NewOrbit.Messaging", "NewOrbit.Messaging\NewOrbit.Messaging.csproj", "{32C9AA0C-862C-4D8E-8E65-CB4618009FB9}"
EndProject
Global
	GlobalSection(SolutionConfigurationPlatforms) = preSolution
		Debug|Any CPU = Debug|Any CPU
		Release|Any CPU = Release|Any CPU
	EndGlobalSection
	GlobalSection(ProjectConfigurationPlatforms) = postSolution
		{1533461D-B37E-4A49-A4A2-A4C3F95F371E}.Debug|Any CPU.ActiveCfg = Debug|Any CPU
		{1533461D-B37E-4A49-A4A2-A4C3F95F371E}.Debug|Any CPU.Build.0 = Debug|Any CPU
		{1533461D-B37E-4A49-A4A2-A4C3F95F371E}.Release|Any CPU.ActiveCfg = Release|Any CPU
		{1533461D-B37E-4A49-A4A2-A4C3F95F371E}.Release|Any CPU.Build.0 = Release|Any CPU
		{32C9AA0C-862C-4D8E-8E65-CB4618009FB9}.Debug|Any CPU.ActiveCfg = Debug|Any CPU
		{32C9AA0C-862C-4D8E-8E65-CB4618009FB9}.Debug|Any CPU.Build.0 = Debug|Any CPU
		{32C9AA0C-862C-4D8E-8E65-CB4618009FB9}.Release|Any CPU.ActiveCfg = Release|Any CPU
		{32C9AA0C-862C-4D8E-8E65-CB4618009FB9}.Release|Any CPU.Build.0 = Release|Any CPU
	EndGlobalSection
	GlobalSection(SolutionProperties) = preSolution
		HideSolutionNode = FALSE
	EndGlobalSection
	GlobalSection(NestedProjects) = preSolution
		{1533461D-B37E-4A49-A4A2-A4C3F95F371E} = {F4E3B872-7B9C-40D3-9C4C-B7F4EBA1E33C}
	EndGlobalSection
EndGlobal
