
Microsoft Visual Studio Solution File, Format Version 12.00
# Visual Studio 15
VisualStudioVersion = 15.0.26228.10
MinimumVisualStudioVersion = 10.0.40219.1
Project("{2150E333-8FDC-42A3-9474-1A3956D46DE8}") = "Tests", "Tests", "{F4E3B872-7B9C-40D3-9C4C-B7F4EBA1E33C}"
EndProject
Project("{FAE04EC0-301F-11D3-BF4B-00C04F79EFBC}") = "MessagingFacts", "MessagingFacts\MessagingFacts.csproj", "{1533461D-B37E-4A49-A4A2-A4C3F95F371E}"
EndProject
Project("{FAE04EC0-301F-11D3-BF4B-00C04F79EFBC}") = "NewOrbit.Messaging", "NewOrbit.Messaging\NewOrbit.Messaging.csproj", "{32C9AA0C-862C-4D8E-8E65-CB4618009FB9}"
EndProject
Project("{2150E333-8FDC-42A3-9474-1A3956D46DE8}") = "Src", "Src", "{B1AD506B-ED40-4B31-A780-9B00994AF6BA}"
EndProject
Project("{FAE04EC0-301F-11D3-BF4B-00C04F79EFBC}") = "NewOrbit.Messaging.Command", "NewOrbit.Messaging.Command\NewOrbit.Messaging.Command.csproj", "{A90C2D15-C19D-42C0-984F-78EA2D66E887}"
EndProject
Project("{FAE04EC0-301F-11D3-BF4B-00C04F79EFBC}") = "NewOrbit.Messaging.Registrars", "NewOrbit.Messaging.Registrars\NewOrbit.Messaging.Registrars.csproj", "{FE80C1C2-3E00-417B-8297-282F95E2B753}"
EndProject
Project("{FAE04EC0-301F-11D3-BF4B-00C04F79EFBC}") = "TestExtras", "TestExtras\TestExtras.csproj", "{F8DA5D3B-123C-485C-8BCE-214DE4935F25}"
EndProject
Project("{FAE04EC0-301F-11D3-BF4B-00C04F79EFBC}") = "NewOrbit.Messaging.Command.Azure", "NewOrbit.Messaging.Command.Azure\NewOrbit.Messaging.Command.Azure.csproj", "{BEC08035-8E5C-4FEA-A8A1-6C68CE2ADAEF}"
EndProject
Project("{FAE04EC0-301F-11D3-BF4B-00C04F79EFBC}") = "NewOrbit.Messaging.Shared", "NewOrbit.Messaging.Shared\NewOrbit.Messaging.Shared.csproj", "{6AF8CC1B-73BB-4B49-8B93-002CCEE7569B}"
EndProject
Project("{FAE04EC0-301F-11D3-BF4B-00C04F79EFBC}") = "NewOrbit.Messaging.Monitoring", "NewOrbit.Messaging.Monitoring\NewOrbit.Messaging.Monitoring.csproj", "{372A23A4-02FA-4507-9606-0DB49C097C9E}"
EndProject
Global
	GlobalSection(SolutionConfigurationPlatforms) = preSolution
		Debug|Any CPU = Debug|Any CPU
		Release|Any CPU = Release|Any CPU
	EndGlobalSection
	GlobalSection(ProjectConfigurationPlatforms) = postSolution
		{1533461D-B37E-4A49-A4A2-A4C3F95F371E}.Debug|Any CPU.ActiveCfg = Debug|Any CPU
		{1533461D-B37E-4A49-A4A2-A4C3F95F371E}.Debug|Any CPU.Build.0 = Debug|Any CPU
		{1533461D-B37E-4A49-A4A2-A4C3F95F371E}.Release|Any CPU.ActiveCfg = Release|Any CPU
		{1533461D-B37E-4A49-A4A2-A4C3F95F371E}.Release|Any CPU.Build.0 = Release|Any CPU
		{32C9AA0C-862C-4D8E-8E65-CB4618009FB9}.Debug|Any CPU.ActiveCfg = Debug|Any CPU
		{32C9AA0C-862C-4D8E-8E65-CB4618009FB9}.Debug|Any CPU.Build.0 = Debug|Any CPU
		{32C9AA0C-862C-4D8E-8E65-CB4618009FB9}.Release|Any CPU.ActiveCfg = Release|Any CPU
		{32C9AA0C-862C-4D8E-8E65-CB4618009FB9}.Release|Any CPU.Build.0 = Release|Any CPU
		{A90C2D15-C19D-42C0-984F-78EA2D66E887}.Debug|Any CPU.ActiveCfg = Debug|Any CPU
		{A90C2D15-C19D-42C0-984F-78EA2D66E887}.Debug|Any CPU.Build.0 = Debug|Any CPU
		{A90C2D15-C19D-42C0-984F-78EA2D66E887}.Release|Any CPU.ActiveCfg = Release|Any CPU
		{A90C2D15-C19D-42C0-984F-78EA2D66E887}.Release|Any CPU.Build.0 = Release|Any CPU
		{FE80C1C2-3E00-417B-8297-282F95E2B753}.Debug|Any CPU.ActiveCfg = Debug|Any CPU
		{FE80C1C2-3E00-417B-8297-282F95E2B753}.Debug|Any CPU.Build.0 = Debug|Any CPU
		{FE80C1C2-3E00-417B-8297-282F95E2B753}.Release|Any CPU.ActiveCfg = Release|Any CPU
		{FE80C1C2-3E00-417B-8297-282F95E2B753}.Release|Any CPU.Build.0 = Release|Any CPU
		{F8DA5D3B-123C-485C-8BCE-214DE4935F25}.Debug|Any CPU.ActiveCfg = Debug|Any CPU
		{F8DA5D3B-123C-485C-8BCE-214DE4935F25}.Debug|Any CPU.Build.0 = Debug|Any CPU
		{F8DA5D3B-123C-485C-8BCE-214DE4935F25}.Release|Any CPU.ActiveCfg = Release|Any CPU
		{F8DA5D3B-123C-485C-8BCE-214DE4935F25}.Release|Any CPU.Build.0 = Release|Any CPU
		{BEC08035-8E5C-4FEA-A8A1-6C68CE2ADAEF}.Debug|Any CPU.ActiveCfg = Debug|Any CPU
		{BEC08035-8E5C-4FEA-A8A1-6C68CE2ADAEF}.Debug|Any CPU.Build.0 = Debug|Any CPU
		{BEC08035-8E5C-4FEA-A8A1-6C68CE2ADAEF}.Release|Any CPU.ActiveCfg = Release|Any CPU
		{BEC08035-8E5C-4FEA-A8A1-6C68CE2ADAEF}.Release|Any CPU.Build.0 = Release|Any CPU
		{6AF8CC1B-73BB-4B49-8B93-002CCEE7569B}.Debug|Any CPU.ActiveCfg = Debug|Any CPU
		{6AF8CC1B-73BB-4B49-8B93-002CCEE7569B}.Debug|Any CPU.Build.0 = Debug|Any CPU
		{6AF8CC1B-73BB-4B49-8B93-002CCEE7569B}.Release|Any CPU.ActiveCfg = Release|Any CPU
		{6AF8CC1B-73BB-4B49-8B93-002CCEE7569B}.Release|Any CPU.Build.0 = Release|Any CPU
		{372A23A4-02FA-4507-9606-0DB49C097C9E}.Debug|Any CPU.ActiveCfg = Debug|Any CPU
		{372A23A4-02FA-4507-9606-0DB49C097C9E}.Debug|Any CPU.Build.0 = Debug|Any CPU
		{372A23A4-02FA-4507-9606-0DB49C097C9E}.Release|Any CPU.ActiveCfg = Release|Any CPU
		{372A23A4-02FA-4507-9606-0DB49C097C9E}.Release|Any CPU.Build.0 = Release|Any CPU
	EndGlobalSection
	GlobalSection(SolutionProperties) = preSolution
		HideSolutionNode = FALSE
	EndGlobalSection
	GlobalSection(NestedProjects) = preSolution
		{1533461D-B37E-4A49-A4A2-A4C3F95F371E} = {F4E3B872-7B9C-40D3-9C4C-B7F4EBA1E33C}
		{32C9AA0C-862C-4D8E-8E65-CB4618009FB9} = {B1AD506B-ED40-4B31-A780-9B00994AF6BA}
		{A90C2D15-C19D-42C0-984F-78EA2D66E887} = {B1AD506B-ED40-4B31-A780-9B00994AF6BA}
		{FE80C1C2-3E00-417B-8297-282F95E2B753} = {B1AD506B-ED40-4B31-A780-9B00994AF6BA}
		{F8DA5D3B-123C-485C-8BCE-214DE4935F25} = {F4E3B872-7B9C-40D3-9C4C-B7F4EBA1E33C}
		{BEC08035-8E5C-4FEA-A8A1-6C68CE2ADAEF} = {B1AD506B-ED40-4B31-A780-9B00994AF6BA}
		{6AF8CC1B-73BB-4B49-8B93-002CCEE7569B} = {B1AD506B-ED40-4B31-A780-9B00994AF6BA}
		{372A23A4-02FA-4507-9606-0DB49C097C9E} = {B1AD506B-ED40-4B31-A780-9B00994AF6BA}
	EndGlobalSection
EndGlobal
